
Microsoft Visual Studio Solution File, Format Version 12.00
# Visual Studio Version 17
VisualStudioVersion = 17.1.32421.90
MinimumVisualStudioVersion = 10.0.40219.1
Project("{FAE04EC0-301F-11D3-BF4B-00C04F79EFBC}") = "WhyDoesNunitExceptionThrow", "WhyDoesNunitExceptionThrow\WhyDoesNunitExceptionThrow.csproj", "{7A70A094-F0E5-44EC-B225-DA5301AA281D}"
EndProject
Global
	GlobalSection(SolutionConfigurationPlatforms) = preSolution
		Debug|Any CPU = Debug|Any CPU
		Release|Any CPU = Release|Any CPU
	EndGlobalSection
	GlobalSection(ProjectConfigurationPlatforms) = postSolution
		{7A70A094-F0E5-44EC-B225-DA5301AA281D}.Debug|Any CPU.ActiveCfg = Debug|Any CPU
		{7A70A094-F0E5-44EC-B225-DA5301AA281D}.Debug|Any CPU.Build.0 = Debug|Any CPU
		{7A70A094-F0E5-44EC-B225-DA5301AA281D}.Release|Any CPU.ActiveCfg = Release|Any CPU
		{7A70A094-F0E5-44EC-B225-DA5301AA281D}.Release|Any CPU.Build.0 = Release|Any CPU
	EndGlobalSection
	GlobalSection(SolutionProperties) = preSolution
		HideSolutionNode = FALSE
	EndGlobalSection
	GlobalSection(ExtensibilityGlobals) = postSolution
		SolutionGuid = {2B046283-8907-4609-BE5D-652584F1B908}
	EndGlobalSection
EndGlobal
